
Microsoft Visual Studio Solution File, Format Version 12.00
# Visual Studio 2013
VisualStudioVersion = 12.0.31101.0
MinimumVisualStudioVersion = 10.0.40219.1
Project("{FAE04EC0-301F-11D3-BF4B-00C04F79EFBC}") = "RobotSpiders.Tests", "RobotSpiders.Tests\RobotSpiders.Tests.csproj", "{5918D4FA-9915-462C-9370-9837CCA1EA1F}"
EndProject
Project("{2150E333-8FDC-42A3-9474-1A3956D46DE8}") = ".nuget", ".nuget", "{E6701111-6C08-4612-88F8-616099807B8F}"
	ProjectSection(SolutionItems) = preProject
		.nuget\NuGet.Config = .nuget\NuGet.Config
		.nuget\NuGet.exe = .nuget\NuGet.exe
		.nuget\NuGet.targets = .nuget\NuGet.targets
	EndProjectSection
EndProject
Project("{FAE04EC0-301F-11D3-BF4B-00C04F79EFBC}") = "RobotSpiders.Domain", "RobotSpiders.Domain\RobotSpiders.Domain.csproj", "{64672263-F317-41DE-9A0E-3156A96E22CC}"
EndProject
Global
	GlobalSection(SolutionConfigurationPlatforms) = preSolution
		Debug|Any CPU = Debug|Any CPU
		Release|Any CPU = Release|Any CPU
	EndGlobalSection
	GlobalSection(ProjectConfigurationPlatforms) = postSolution
		{5918D4FA-9915-462C-9370-9837CCA1EA1F}.Debug|Any CPU.ActiveCfg = Debug|Any CPU
		{5918D4FA-9915-462C-9370-9837CCA1EA1F}.Debug|Any CPU.Build.0 = Debug|Any CPU
		{5918D4FA-9915-462C-9370-9837CCA1EA1F}.Release|Any CPU.ActiveCfg = Release|Any CPU
		{5918D4FA-9915-462C-9370-9837CCA1EA1F}.Release|Any CPU.Build.0 = Release|Any CPU
		{64672263-F317-41DE-9A0E-3156A96E22CC}.Debug|Any CPU.ActiveCfg = Debug|Any CPU
		{64672263-F317-41DE-9A0E-3156A96E22CC}.Debug|Any CPU.Build.0 = Debug|Any CPU
		{64672263-F317-41DE-9A0E-3156A96E22CC}.Release|Any CPU.ActiveCfg = Release|Any CPU
		{64672263-F317-41DE-9A0E-3156A96E22CC}.Release|Any CPU.Build.0 = Release|Any CPU
	EndGlobalSection
	GlobalSection(SolutionProperties) = preSolution
		HideSolutionNode = FALSE
	EndGlobalSection
EndGlobal
